// !$*UTF8*$!
{
	archiveVersion = 1;
	classes = {
	};
	objectVersion = 46;
	objects = {

/* Begin PBXBuildFile section */
		0817AEF71D62B373009A3FA8 /* main.m in Sources */ = {isa = PBXBuildFile; fileRef = 0817AEF61D62B373009A3FA8 /* main.m */; };
		0817AEFA1D62B373009A3FA8 /* AppDelegate.m in Sources */ = {isa = PBXBuildFile; fileRef = 0817AEF91D62B373009A3FA8 /* AppDelegate.m */; };
		0817AEFD1D62B373009A3FA8 /* ViewController.m in Sources */ = {isa = PBXBuildFile; fileRef = 0817AEFC1D62B373009A3FA8 /* ViewController.m */; };
		0817AF001D62B373009A3FA8 /* Main.storyboard in Resources */ = {isa = PBXBuildFile; fileRef = 0817AEFE1D62B373009A3FA8 /* Main.storyboard */; };
		0817AF021D62B373009A3FA8 /* Assets.xcassets in Resources */ = {isa = PBXBuildFile; fileRef = 0817AF011D62B373009A3FA8 /* Assets.xcassets */; };
		0817AF051D62B373009A3FA8 /* LaunchScreen.storyboard in Resources */ = {isa = PBXBuildFile; fileRef = 0817AF031D62B373009A3FA8 /* LaunchScreen.storyboard */; };
		0817AF0E1D62B3D2009A3FA8 /* AddressBook.framework in Frameworks */ = {isa = PBXBuildFile; fileRef = 0817AF0C1D62B3D2009A3FA8 /* AddressBook.framework */; };
		0817AF0F1D62B3D2009A3FA8 /* AddressBookUI.framework in Frameworks */ = {isa = PBXBuildFile; fileRef = 0817AF0D1D62B3D2009A3FA8 /* AddressBookUI.framework */; };
		0817AF121D62E406009A3FA8 /* Person.m in Sources */ = {isa = PBXBuildFile; fileRef = 0817AF111D62E406009A3FA8 /* Person.m */; };
		0817AF161D62E735009A3FA8 /* TableViewCell.m in Sources */ = {isa = PBXBuildFile; fileRef = 0817AF141D62E735009A3FA8 /* TableViewCell.m */; };
		0817AF171D62E735009A3FA8 /* TableViewCell.xib in Resources */ = {isa = PBXBuildFile; fileRef = 0817AF151D62E735009A3FA8 /* TableViewCell.xib */; };
		0817AF1B1D62F4BF009A3FA8 /* BMChineseSort.m in Sources */ = {isa = PBXBuildFile; fileRef = 0817AF1A1D62F4BF009A3FA8 /* BMChineseSort.m */; };
/* End PBXBuildFile section */

/* Begin PBXFileReference section */
		0817AEF21D62B372009A3FA8 /* AddressBook.app */ = {isa = PBXFileReference; explicitFileType = wrapper.application; includeInIndex = 0; path = AddressBook.app; sourceTree = BUILT_PRODUCTS_DIR; };
		0817AEF61D62B373009A3FA8 /* main.m */ = {isa = PBXFileReference; lastKnownFileType = sourcecode.c.objc; path = main.m; sourceTree = "<group>"; };
		0817AEF81D62B373009A3FA8 /* AppDelegate.h */ = {isa = PBXFileReference; lastKnownFileType = sourcecode.c.h; path = AppDelegate.h; sourceTree = "<group>"; };
		0817AEF91D62B373009A3FA8 /* AppDelegate.m */ = {isa = PBXFileReference; lastKnownFileType = sourcecode.c.objc; path = AppDelegate.m; sourceTree = "<group>"; };
		0817AEFB1D62B373009A3FA8 /* ViewController.h */ = {isa = PBXFileReference; lastKnownFileType = sourcecode.c.h; path = ViewController.h; sourceTree = "<group>"; };
		0817AEFC1D62B373009A3FA8 /* ViewController.m */ = {isa = PBXFileReference; lastKnownFileType = sourcecode.c.objc; path = ViewController.m; sourceTree = "<group>"; };
		0817AEFF1D62B373009A3FA8 /* Base */ = {isa = PBXFileReference; lastKnownFileType = file.storyboard; name = Base; path = Base.lproj/Main.storyboard; sourceTree = "<group>"; };
		0817AF011D62B373009A3FA8 /* Assets.xcassets */ = {isa = PBXFileReference; lastKnownFileType = folder.assetcatalog; path = Assets.xcassets; sourceTree = "<group>"; };
		0817AF041D62B373009A3FA8 /* Base */ = {isa = PBXFileReference; lastKnownFileType = file.storyboard; name = Base; path = Base.lproj/LaunchScreen.storyboard; sourceTree = "<group>"; };
		0817AF061D62B373009A3FA8 /* Info.plist */ = {isa = PBXFileReference; lastKnownFileType = text.plist.xml; path = Info.plist; sourceTree = "<group>"; };
		0817AF0C1D62B3D2009A3FA8 /* AddressBook.framework */ = {isa = PBXFileReference; lastKnownFileType = wrapper.framework; name = AddressBook.framework; path = System/Library/Frameworks/AddressBook.framework; sourceTree = SDKROOT; };
		0817AF0D1D62B3D2009A3FA8 /* AddressBookUI.framework */ = {isa = PBXFileReference; lastKnownFileType = wrapper.framework; name = AddressBookUI.framework; path = System/Library/Frameworks/AddressBookUI.framework; sourceTree = SDKROOT; };
		0817AF101D62E406009A3FA8 /* Person.h */ = {isa = PBXFileReference; fileEncoding = 4; lastKnownFileType = sourcecode.c.h; path = Person.h; sourceTree = "<group>"; };
		0817AF111D62E406009A3FA8 /* Person.m */ = {isa = PBXFileReference; fileEncoding = 4; lastKnownFileType = sourcecode.c.objc; path = Person.m; sourceTree = "<group>"; };
		0817AF131D62E735009A3FA8 /* TableViewCell.h */ = {isa = PBXFileReference; fileEncoding = 4; lastKnownFileType = sourcecode.c.h; path = TableViewCell.h; sourceTree = "<group>"; };
		0817AF141D62E735009A3FA8 /* TableViewCell.m */ = {isa = PBXFileReference; fileEncoding = 4; lastKnownFileType = sourcecode.c.objc; path = TableViewCell.m; sourceTree = "<group>"; };
		0817AF151D62E735009A3FA8 /* TableViewCell.xib */ = {isa = PBXFileReference; fileEncoding = 4; lastKnownFileType = file.xib; path = TableViewCell.xib; sourceTree = "<group>"; };
		0817AF191D62F4BF009A3FA8 /* BMChineseSort.h */ = {isa = PBXFileReference; fileEncoding = 4; lastKnownFileType = sourcecode.c.h; path = BMChineseSort.h; sourceTree = "<group>"; };
		0817AF1A1D62F4BF009A3FA8 /* BMChineseSort.m */ = {isa = PBXFileReference; fileEncoding = 4; lastKnownFileType = sourcecode.c.objc; path = BMChineseSort.m; sourceTree = "<group>"; };
/* End PBXFileReference section */

/* Begin PBXFrameworksBuildPhase section */
		0817AEEF1D62B372009A3FA8 /* Frameworks */ = {
			isa = PBXFrameworksBuildPhase;
			buildActionMask = 2147483647;
			files = (
				0817AF0E1D62B3D2009A3FA8 /* AddressBook.framework in Frameworks */,
				0817AF0F1D62B3D2009A3FA8 /* AddressBookUI.framework in Frameworks */,
			);
			runOnlyForDeploymentPostprocessing = 0;
		};
/* End PBXFrameworksBuildPhase section */

/* Begin PBXGroup section */
		0817AEE91D62B372009A3FA8 = {
			isa = PBXGroup;
			children = (
				0817AF0C1D62B3D2009A3FA8 /* AddressBook.framework */,
				0817AF0D1D62B3D2009A3FA8 /* AddressBookUI.framework */,
				0817AEF41D62B373009A3FA8 /* AddressBook */,
				0817AEF31D62B372009A3FA8 /* Products */,
			);
			sourceTree = "<group>";
		};
		0817AEF31D62B372009A3FA8 /* Products */ = {
			isa = PBXGroup;
			children = (
				0817AEF21D62B372009A3FA8 /* AddressBook.app */,
			);
			name = Products;
			sourceTree = "<group>";
		};
		0817AEF41D62B373009A3FA8 /* AddressBook */ = {
			isa = PBXGroup;
			children = (
				0817AF181D62F4BF009A3FA8 /* BMChineseStringSort */,
				0817AEF81D62B373009A3FA8 /* AppDelegate.h */,
				0817AEF91D62B373009A3FA8 /* AppDelegate.m */,
				0817AEFB1D62B373009A3FA8 /* ViewController.h */,
				0817AEFC1D62B373009A3FA8 /* ViewController.m */,
				0817AF101D62E406009A3FA8 /* Person.h */,
				0817AF111D62E406009A3FA8 /* Person.m */,
				0817AF131D62E735009A3FA8 /* TableViewCell.h */,
				0817AF141D62E735009A3FA8 /* TableViewCell.m */,
				0817AF151D62E735009A3FA8 /* TableViewCell.xib */,
				0817AEFE1D62B373009A3FA8 /* Main.storyboard */,
				0817AF011D62B373009A3FA8 /* Assets.xcassets */,
				0817AF031D62B373009A3FA8 /* LaunchScreen.storyboard */,
				0817AF061D62B373009A3FA8 /* Info.plist */,
				0817AEF51D62B373009A3FA8 /* Supporting Files */,
			);
			path = AddressBook;
			sourceTree = "<group>";
		};
		0817AEF51D62B373009A3FA8 /* Supporting Files */ = {
			isa = PBXGroup;
			children = (
				0817AEF61D62B373009A3FA8 /* main.m */,
			);
			name = "Supporting Files";
			sourceTree = "<group>";
		};
		0817AF181D62F4BF009A3FA8 /* BMChineseStringSort */ = {
			isa = PBXGroup;
			children = (
				0817AF191D62F4BF009A3FA8 /* BMChineseSort.h */,
				0817AF1A1D62F4BF009A3FA8 /* BMChineseSort.m */,
			);
			path = BMChineseStringSort;
			sourceTree = "<group>";
		};
/* End PBXGroup section */

/* Begin PBXNativeTarget section */
		0817AEF11D62B372009A3FA8 /* AddressBook */ = {
			isa = PBXNativeTarget;
			buildConfigurationList = 0817AF091D62B373009A3FA8 /* Build configuration list for PBXNativeTarget "AddressBook" */;
			buildPhases = (
				0817AEEE1D62B372009A3FA8 /* Sources */,
				0817AEEF1D62B372009A3FA8 /* Frameworks */,
				0817AEF01D62B372009A3FA8 /* Resources */,
			);
			buildRules = (
			);
			dependencies = (
			);
			name = AddressBook;
			productName = AddressBook;
			productReference = 0817AEF21D62B372009A3FA8 /* AddressBook.app */;
			productType = "com.apple.product-type.application";
		};
/* End PBXNativeTarget section */

/* Begin PBXProject section */
		0817AEEA1D62B372009A3FA8 /* Project object */ = {
			isa = PBXProject;
			attributes = {
				LastUpgradeCheck = 0720;
				ORGANIZATIONNAME = easipass;
				TargetAttributes = {
					0817AEF11D62B372009A3FA8 = {
						CreatedOnToolsVersion = 7.2.1;
					};
				};
			};
			buildConfigurationList = 0817AEED1D62B372009A3FA8 /* Build configuration list for PBXProject "AddressBook" */;
			compatibilityVersion = "Xcode 3.2";
			developmentRegion = English;
			hasScannedForEncodings = 0;
			knownRegions = (
				en,
				Base,
			);
			mainGroup = 0817AEE91D62B372009A3FA8;
			productRefGroup = 0817AEF31D62B372009A3FA8 /* Products */;
			projectDirPath = "";
			projectRoot = "";
			targets = (
				0817AEF11D62B372009A3FA8 /* AddressBook */,
			);
		};
/* End PBXProject section */

/* Begin PBXResourcesBuildPhase section */
		0817AEF01D62B372009A3FA8 /* Resources */ = {
			isa = PBXResourcesBuildPhase;
			buildActionMask = 2147483647;
			files = (
				0817AF051D62B373009A3FA8 /* LaunchScreen.storyboard in Resources */,
				0817AF171D62E735009A3FA8 /* TableViewCell.xib in Resources */,
				0817AF021D62B373009A3FA8 /* Assets.xcassets in Resources */,
				0817AF001D62B373009A3FA8 /* Main.storyboard in Resources */,
			);
			runOnlyForDeploymentPostprocessing = 0;
		};
/* End PBXResourcesBuildPhase section */

/* Begin PBXSourcesBuildPhase section */
		0817AEEE1D62B372009A3FA8 /* Sources */ = {
			isa = PBXSourcesBuildPhase;
			buildActionMask = 2147483647;
			files = (
				0817AEFD1D62B373009A3FA8 /* ViewController.m in Sources */,
				0817AEFA1D62B373009A3FA8 /* AppDelegate.m in Sources */,
				0817AF1B1D62F4BF009A3FA8 /* BMChineseSort.m in Sources */,
				0817AF121D62E406009A3FA8 /* Person.m in Sources */,
				0817AF161D62E735009A3FA8 /* TableViewCell.m in Sources */,
				0817AEF71D62B373009A3FA8 /* main.m in Sources */,
			);
			runOnlyForDeploymentPostprocessing = 0;
		};
/* End PBXSourcesBuildPhase section */

/* Begin PBXVariantGroup section */
		0817AEFE1D62B373009A3FA8 /* Main.storyboard */ = {
			isa = PBXVariantGroup;
			children = (
				0817AEFF1D62B373009A3FA8 /* Base */,
			);
			name = Main.storyboard;
			sourceTree = "<group>";
		};
		0817AF031D62B373009A3FA8 /* LaunchScreen.storyboard */ = {
			isa = PBXVariantGroup;
			children = (
				0817AF041D62B373009A3FA8 /* Base */,
			);
			name = LaunchScreen.storyboard;
			sourceTree = "<group>";
		};
/* End PBXVariantGroup section */

/* Begin XCBuildConfiguration section */
		0817AF071D62B373009A3FA8 /* Debug */ = {
			isa = XCBuildConfiguration;
			buildSettings = {
				ALWAYS_SEARCH_USER_PATHS = NO;
				CLANG_CXX_LANGUAGE_STANDARD = "gnu++0x";
				CLANG_CXX_LIBRARY = "libc++";
				CLANG_ENABLE_MODULES = YES;
				CLANG_ENABLE_OBJC_ARC = YES;
				CLANG_WARN_BOOL_CONVERSION = YES;
				CLANG_WARN_CONSTANT_CONVERSION = YES;
				CLANG_WARN_DIRECT_OBJC_ISA_USAGE = YES_ERROR;
				CLANG_WARN_EMPTY_BODY = YES;
				CLANG_WARN_ENUM_CONVERSION = YES;
				CLANG_WARN_INT_CONVERSION = YES;
				CLANG_WARN_OBJC_ROOT_CLASS = YES_ERROR;
				CLANG_WARN_UNREACHABLE_CODE = YES;
				CLANG_WARN__DUPLICATE_METHOD_MATCH = YES;
				"CODE_SIGN_IDENTITY[sdk=iphoneos*]" = "iPhone Developer";
				COPY_PHASE_STRIP = NO;
				DEBUG_INFORMATION_FORMAT = dwarf;
				ENABLE_STRICT_OBJC_MSGSEND = YES;
				ENABLE_TESTABILITY = YES;
				GCC_C_LANGUAGE_STANDARD = gnu99;
				GCC_DYNAMIC_NO_PIC = NO;
				GCC_NO_COMMON_BLOCKS = YES;
				GCC_OPTIMIZATION_LEVEL = 0;
				GCC_PREPROCESSOR_DEFINITIONS = (
					"DEBUG=1",
					"$(inherited)",
				);
				GCC_WARN_64_TO_32_BIT_CONVERSION = YES;
				GCC_WARN_ABOUT_RETURN_TYPE = YES_ERROR;
				GCC_WARN_UNDECLARED_SELECTOR = YES;
				GCC_WARN_UNINITIALIZED_AUTOS = YES_AGGRESSIVE;
				GCC_WARN_UNUSED_FUNCTION = YES;
				GCC_WARN_UNUSED_VARIABLE = YES;
				IPHONEOS_DEPLOYMENT_TARGET = 9.2;
				MTL_ENABLE_DEBUG_INFO = YES;
				ONLY_ACTIVE_ARCH = YES;
				SDKROOT = iphoneos;
			};
			name = Debug;
		};
		0817AF081D62B373009A3FA8 /* Release */ = {
			isa = XCBuildConfiguration;
			buildSettings = {
				ALWAYS_SEARCH_USER_PATHS = NO;
				CLANG_CXX_LANGUAGE_STANDARD = "gnu++0x";
				CLANG_CXX_LIBRARY = "libc++";
				CLANG_ENABLE_MODULES = YES;
				CLANG_ENABLE_OBJC_ARC = YES;
				CLANG_WARN_BOOL_CONVERSION = YES;
				CLANG_WARN_CONSTANT_CONVERSION = YES;
				CLANG_WARN_DIRECT_OBJC_ISA_USAGE = YES_ERROR;
				CLANG_WARN_EMPTY_BODY = YES;
				CLANG_WARN_ENUM_CONVERSION = YES;
				CLANG_WARN_INT_CONVERSION = YES;
				CLANG_WARN_OBJC_ROOT_CLASS = YES_ERROR;
				CLANG_WARN_UNREACHABLE_CODE = YES;
				CLANG_WARN__DUPLICATE_METHOD_MATCH = YES;
				"CODE_SIGN_IDENTITY[sdk=iphoneos*]" = "iPhone Developer";
				COPY_PHASE_STRIP = NO;
				DEBUG_INFORMATION_FORMAT = "dwarf-with-dsym";
				ENABLE_NS_ASSERTIONS = NO;
				ENABLE_STRICT_OBJC_MSGSEND = YES;
				GCC_C_LANGUAGE_STANDARD = gnu99;
				GCC_NO_COMMON_BLOCKS = YES;
				GCC_WARN_64_TO_32_BIT_CONVERSION = YES;
				GCC_WARN_ABOUT_RETURN_TYPE = YES_ERROR;
				GCC_WARN_UNDECLARED_SELECTOR = YES;
				GCC_WARN_UNINITIALIZED_AUTOS = YES_AGGRESSIVE;
				GCC_WARN_UNUSED_FUNCTION = YES;
				GCC_WARN_UNUSED_VARIABLE = YES;
				IPHONEOS_DEPLOYMENT_TARGET = 9.2;
				MTL_ENABLE_DEBUG_INFO = NO;
				SDKROOT = iphoneos;
				VALIDATE_PRODUCT = YES;
			};
			name = Release;
		};
		0817AF0A1D62B373009A3FA8 /* Debug */ = {
			isa = XCBuildConfiguration;
			buildSettings = {
				ASSETCATALOG_COMPILER_APPICON_NAME = AppIcon;
				INFOPLIST_FILE = AddressBook/Info.plist;
				IPHONEOS_DEPLOYMENT_TARGET = 7.0;
				LD_RUNPATH_SEARCH_PATHS = "$(inherited) @executable_path/Frameworks";
				PRODUCT_BUNDLE_IDENTIFIER = com.easipass.AddressBook;
				PRODUCT_NAME = "$(TARGET_NAME)";
			};
			name = Debug;
		};
		0817AF0B1D62B373009A3FA8 /* Release */ = {
			isa = XCBuildConfiguration;
			buildSettings = {
				ASSETCATALOG_COMPILER_APPICON_NAME = AppIcon;
				INFOPLIST_FILE = AddressBook/Info.plist;
				IPHONEOS_DEPLOYMENT_TARGET = 7.0;
				LD_RUNPATH_SEARCH_PATHS = "$(inherited) @executable_path/Frameworks";
				PRODUCT_BUNDLE_IDENTIFIER = com.easipass.AddressBook;
				PRODUCT_NAME = "$(TARGET_NAME)";
			};
			name = Release;
		};
/* End XCBuildConfiguration section */

/* Begin XCConfigurationList section */
		0817AEED1D62B372009A3FA8 /* Build configuration list for PBXProject "AddressBook" */ = {
			isa = XCConfigurationList;
			buildConfigurations = (
				0817AF071D62B373009A3FA8 /* Debug */,
				0817AF081D62B373009A3FA8 /* Release */,
			);
			defaultConfigurationIsVisible = 0;
			defaultConfigurationName = Release;
		};
		0817AF091D62B373009A3FA8 /* Build configuration list for PBXNativeTarget "AddressBook" */ = {
			isa = XCConfigurationList;
			buildConfigurations = (
				0817AF0A1D62B373009A3FA8 /* Debug */,
				0817AF0B1D62B373009A3FA8 /* Release */,
			);
			defaultConfigurationIsVisible = 0;
			defaultConfigurationName = Release;
		};
/* End XCConfigurationList section */
	};
	rootObject = 0817AEEA1D62B372009A3FA8 /* Project object */;
}
